// !$*UTF8*$!
{
	archiveVersion = 1;
	classes = {
	};
	objectVersion = 50;
	objects = {

/* Begin PBXBuildFile section */
		96C38ABF24319D3F006188EF /* AppDelegate.swift in Sources */ = {isa = PBXBuildFile; fileRef = 96C38ABE24319D3F006188EF /* AppDelegate.swift */; };
		96C38AC124319D3F006188EF /* SceneDelegate.swift in Sources */ = {isa = PBXBuildFile; fileRef = 96C38AC024319D3F006188EF /* SceneDelegate.swift */; };
		96C38AC324319D3F006188EF /* ViewController.swift in Sources */ = {isa = PBXBuildFile; fileRef = 96C38AC224319D3F006188EF /* ViewController.swift */; };
		96C38AC624319D3F006188EF /* Main.storyboard in Resources */ = {isa = PBXBuildFile; fileRef = 96C38AC424319D3F006188EF /* Main.storyboard */; };
		96C38AC824319D41006188EF /* Assets.xcassets in Resources */ = {isa = PBXBuildFile; fileRef = 96C38AC724319D41006188EF /* Assets.xcassets */; };
		96C38ACB24319D41006188EF /* LaunchScreen.storyboard in Resources */ = {isa = PBXBuildFile; fileRef = 96C38AC924319D41006188EF /* LaunchScreen.storyboard */; };
		96C38AD624319D41006188EF /* a___Tests.swift in Sources */ = {isa = PBXBuildFile; fileRef = 96C38AD524319D41006188EF /* a___Tests.swift */; };
		96C38AE124319D41006188EF /* a___UITests.swift in Sources */ = {isa = PBXBuildFile; fileRef = 96C38AE024319D41006188EF /* a___UITests.swift */; };
/* End PBXBuildFile section */

/* Begin PBXContainerItemProxy section */
		96C38AD224319D41006188EF /* PBXContainerItemProxy */ = {
			isa = PBXContainerItemProxy;
			containerPortal = 96C38AB324319D3F006188EF /* Project object */;
			proxyType = 1;
			remoteGlobalIDString = 96C38ABA24319D3F006188EF;
			remoteInfo = "SwiftCheckUrlDemo";
		};
		96C38ADD24319D41006188EF /* PBXContainerItemProxy */ = {
			isa = PBXContainerItemProxy;
			containerPortal = 96C38AB324319D3F006188EF /* Project object */;
			proxyType = 1;
			remoteGlobalIDString = 96C38ABA24319D3F006188EF;
			remoteInfo = "SwiftCheckUrlDemo";
		};
/* End PBXContainerItemProxy section */

/* Begin PBXFileReference section */
		96C38ABB24319D3F006188EF /* SwiftCheckUrlDemo.app */ = {isa = PBXFileReference; explicitFileType = wrapper.application; includeInIndex = 0; path = SwiftCheckUrlDemo.app; sourceTree = BUILT_PRODUCTS_DIR; };
		96C38ABE24319D3F006188EF /* AppDelegate.swift */ = {isa = PBXFileReference; lastKnownFileType = sourcecode.swift; path = AppDelegate.swift; sourceTree = "<group>"; };
		96C38AC024319D3F006188EF /* SceneDelegate.swift */ = {isa = PBXFileReference; lastKnownFileType = sourcecode.swift; path = SceneDelegate.swift; sourceTree = "<group>"; };
		96C38AC224319D3F006188EF /* ViewController.swift */ = {isa = PBXFileReference; lastKnownFileType = sourcecode.swift; path = ViewController.swift; sourceTree = "<group>"; };
		96C38AC524319D3F006188EF /* Base */ = {isa = PBXFileReference; lastKnownFileType = file.storyboard; name = Base; path = Base.lproj/Main.storyboard; sourceTree = "<group>"; };
		96C38AC724319D41006188EF /* Assets.xcassets */ = {isa = PBXFileReference; lastKnownFileType = folder.assetcatalog; path = Assets.xcassets; sourceTree = "<group>"; };
		96C38ACA24319D41006188EF /* Base */ = {isa = PBXFileReference; lastKnownFileType = file.storyboard; name = Base; path = Base.lproj/LaunchScreen.storyboard; sourceTree = "<group>"; };
		96C38ACC24319D41006188EF /* Info.plist */ = {isa = PBXFileReference; lastKnownFileType = text.plist.xml; path = Info.plist; sourceTree = "<group>"; };
		96C38AD124319D41006188EF /* SwiftCheckUrlDemoTests.xctest */ = {isa = PBXFileReference; explicitFileType = wrapper.cfbundle; includeInIndex = 0; path = SwiftCheckUrlDemoTests.xctest; sourceTree = BUILT_PRODUCTS_DIR; };
		96C38AD524319D41006188EF /* a___Tests.swift */ = {isa = PBXFileReference; lastKnownFileType = sourcecode.swift; path = "a___Tests.swift"; sourceTree = "<group>"; };
		96C38AD724319D41006188EF /* Info.plist */ = {isa = PBXFileReference; lastKnownFileType = text.plist.xml; path = Info.plist; sourceTree = "<group>"; };
		96C38ADC24319D41006188EF /* SwiftCheckUrlDemoUITests.xctest */ = {isa = PBXFileReference; explicitFileType = wrapper.cfbundle; includeInIndex = 0; path = SwiftCheckUrlDemoUITests.xctest; sourceTree = BUILT_PRODUCTS_DIR; };
		96C38AE024319D41006188EF /* a___UITests.swift */ = {isa = PBXFileReference; lastKnownFileType = sourcecode.swift; path = "a___UITests.swift"; sourceTree = "<group>"; };
		96C38AE224319D41006188EF /* Info.plist */ = {isa = PBXFileReference; lastKnownFileType = text.plist.xml; path = Info.plist; sourceTree = "<group>"; };
/* End PBXFileReference section */

/* Begin PBXFrameworksBuildPhase section */
		96C38AB824319D3F006188EF /* Frameworks */ = {
			isa = PBXFrameworksBuildPhase;
			buildActionMask = 2147483647;
			files = (
			);
			runOnlyForDeploymentPostprocessing = 0;
		};
		96C38ACE24319D41006188EF /* Frameworks */ = {
			isa = PBXFrameworksBuildPhase;
			buildActionMask = 2147483647;
			files = (
			);
			runOnlyForDeploymentPostprocessing = 0;
		};
		96C38AD924319D41006188EF /* Frameworks */ = {
			isa = PBXFrameworksBuildPhase;
			buildActionMask = 2147483647;
			files = (
			);
			runOnlyForDeploymentPostprocessing = 0;
		};
/* End PBXFrameworksBuildPhase section */

/* Begin PBXGroup section */
		96C38AB224319D3F006188EF = {
			isa = PBXGroup;
			children = (
				96C38ABD24319D3F006188EF /* SwiftCheckUrlDemo */,
				96C38AD424319D41006188EF /* SwiftCheckUrlDemoTests */,
				96C38ADF24319D41006188EF /* SwiftCheckUrlDemoUITests */,
				96C38ABC24319D3F006188EF /* Products */,
			);
			sourceTree = "<group>";
		};
		96C38ABC24319D3F006188EF /* Products */ = {
			isa = PBXGroup;
			children = (
				96C38ABB24319D3F006188EF /* SwiftCheckUrlDemo.app */,
				96C38AD124319D41006188EF /* SwiftCheckUrlDemoTests.xctest */,
				96C38ADC24319D41006188EF /* SwiftCheckUrlDemoUITests.xctest */,
			);
			name = Products;
			sourceTree = "<group>";
		};
		96C38ABD24319D3F006188EF /* SwiftCheckUrlDemo */ = {
			isa = PBXGroup;
			children = (
				96C38ABE24319D3F006188EF /* AppDelegate.swift */,
				96C38AC024319D3F006188EF /* SceneDelegate.swift */,
				96C38AC224319D3F006188EF /* ViewController.swift */,
				96C38AC424319D3F006188EF /* Main.storyboard */,
				96C38AC724319D41006188EF /* Assets.xcassets */,
				96C38AC924319D41006188EF /* LaunchScreen.storyboard */,
				96C38ACC24319D41006188EF /* Info.plist */,
			);
			path = "SwiftCheckUrlDemo";
			sourceTree = "<group>";
		};
		96C38AD424319D41006188EF /* SwiftCheckUrlDemoTests */ = {
			isa = PBXGroup;
			children = (
				96C38AD524319D41006188EF /* a___Tests.swift */,
				96C38AD724319D41006188EF /* Info.plist */,
			);
			path = "SwiftCheckUrlDemoTests";
			sourceTree = "<group>";
		};
		96C38ADF24319D41006188EF /* SwiftCheckUrlDemoUITests */ = {
			isa = PBXGroup;
			children = (
				96C38AE024319D41006188EF /* a___UITests.swift */,
				96C38AE224319D41006188EF /* Info.plist */,
			);
			path = "SwiftCheckUrlDemoUITests";
			sourceTree = "<group>";
		};
/* End PBXGroup section */

/* Begin PBXNativeTarget section */
		96C38ABA24319D3F006188EF /* SwiftCheckUrlDemo */ = {
			isa = PBXNativeTarget;
			buildConfigurationList = 96C38AE524319D41006188EF /* Build configuration list for PBXNativeTarget "SwiftCheckUrlDemo" */;
			buildPhases = (
				96C38AB724319D3F006188EF /* Sources */,
				96C38AB824319D3F006188EF /* Frameworks */,
				96C38AB924319D3F006188EF /* Resources */,
			);
			buildRules = (
			);
			dependencies = (
			);
			name = SwiftCheckUrlDemo;
			productName = "SwiftCheckUrlDemo";
			productReference = 96C38ABB24319D3F006188EF /* SwiftCheckUrlDemo.app */;
			productType = "com.apple.product-type.application";
		};
		96C38AD024319D41006188EF /* SwiftCheckUrlDemoTests */ = {
			isa = PBXNativeTarget;
			buildConfigurationList = 96C38AE824319D41006188EF /* Build configuration list for PBXNativeTarget "SwiftCheckUrlDemoTests" */;
			buildPhases = (
				96C38ACD24319D41006188EF /* Sources */,
				96C38ACE24319D41006188EF /* Frameworks */,
				96C38ACF24319D41006188EF /* Resources */,
			);
			buildRules = (
			);
			dependencies = (
				96C38AD324319D41006188EF /* PBXTargetDependency */,
			);
			name = SwiftCheckUrlDemoTests;
			productName = "SwiftCheckUrlDemoTests";
			productReference = 96C38AD124319D41006188EF /* SwiftCheckUrlDemoTests.xctest */;
			productType = "com.apple.product-type.bundle.unit-test";
		};
		96C38ADB24319D41006188EF /* SwiftCheckUrlDemoUITests */ = {
			isa = PBXNativeTarget;
			buildConfigurationList = 96C38AEB24319D41006188EF /* Build configuration list for PBXNativeTarget "SwiftCheckUrlDemoUITests" */;
			buildPhases = (
				96C38AD824319D41006188EF /* Sources */,
				96C38AD924319D41006188EF /* Frameworks */,
				96C38ADA24319D41006188EF /* Resources */,
			);
			buildRules = (
			);
			dependencies = (
				96C38ADE24319D41006188EF /* PBXTargetDependency */,
			);
			name = SwiftCheckUrlDemoUITests;
			productName = "SwiftCheckUrlDemoUITests";
			productReference = 96C38ADC24319D41006188EF /* SwiftCheckUrlDemoUITests.xctest */;
			productType = "com.apple.product-type.bundle.ui-testing";
		};
/* End PBXNativeTarget section */

/* Begin PBXProject section */
		96C38AB324319D3F006188EF /* Project object */ = {
			isa = PBXProject;
			attributes = {
				LastSwiftUpdateCheck = 1130;
				LastUpgradeCheck = 1130;
				ORGANIZATIONNAME = com.Cingjin;
				TargetAttributes = {
					96C38ABA24319D3F006188EF = {
						CreatedOnToolsVersion = 11.3;
					};
					96C38AD024319D41006188EF = {
						CreatedOnToolsVersion = 11.3;
						TestTargetID = 96C38ABA24319D3F006188EF;
					};
					96C38ADB24319D41006188EF = {
						CreatedOnToolsVersion = 11.3;
						TestTargetID = 96C38ABA24319D3F006188EF;
					};
				};
			};
			buildConfigurationList = 96C38AB624319D3F006188EF /* Build configuration list for PBXProject "SwiftCheckUrlDemo" */;
			compatibilityVersion = "Xcode 9.3";
			developmentRegion = en;
			hasScannedForEncodings = 0;
			knownRegions = (
				en,
				Base,
			);
			mainGroup = 96C38AB224319D3F006188EF;
			productRefGroup = 96C38ABC24319D3F006188EF /* Products */;
			projectDirPath = "";
			projectRoot = "";
			targets = (
				96C38ABA24319D3F006188EF /* SwiftCheckUrlDemo */,
				96C38AD024319D41006188EF /* SwiftCheckUrlDemoTests */,
				96C38ADB24319D41006188EF /* SwiftCheckUrlDemoUITests */,
			);
		};
/* End PBXProject section */

/* Begin PBXResourcesBuildPhase section */
		96C38AB924319D3F006188EF /* Resources */ = {
			isa = PBXResourcesBuildPhase;
			buildActionMask = 2147483647;
			files = (
				96C38ACB24319D41006188EF /* LaunchScreen.storyboard in Resources */,
				96C38AC824319D41006188EF /* Assets.xcassets in Resources */,
				96C38AC624319D3F006188EF /* Main.storyboard in Resources */,
			);
			runOnlyForDeploymentPostprocessing = 0;
		};
		96C38ACF24319D41006188EF /* Resources */ = {
			isa = PBXResourcesBuildPhase;
			buildActionMask = 2147483647;
			files = (
			);
			runOnlyForDeploymentPostprocessing = 0;
		};
		96C38ADA24319D41006188EF /* Resources */ = {
			isa = PBXResourcesBuildPhase;
			buildActionMask = 2147483647;
			files = (
			);
			runOnlyForDeploymentPostprocessing = 0;
		};
/* End PBXResourcesBuildPhase section */

/* Begin PBXSourcesBuildPhase section */
		96C38AB724319D3F006188EF /* Sources */ = {
			isa = PBXSourcesBuildPhase;
			buildActionMask = 2147483647;
			files = (
				96C38AC324319D3F006188EF /* ViewController.swift in Sources */,
				96C38ABF24319D3F006188EF /* AppDelegate.swift in Sources */,
				96C38AC124319D3F006188EF /* SceneDelegate.swift in Sources */,
			);
			runOnlyForDeploymentPostprocessing = 0;
		};
		96C38ACD24319D41006188EF /* Sources */ = {
			isa = PBXSourcesBuildPhase;
			buildActionMask = 2147483647;
			files = (
				96C38AD624319D41006188EF /* a___Tests.swift in Sources */,
			);
			runOnlyForDeploymentPostprocessing = 0;
		};
		96C38AD824319D41006188EF /* Sources */ = {
			isa = PBXSourcesBuildPhase;
			buildActionMask = 2147483647;
			files = (
				96C38AE124319D41006188EF /* a___UITests.swift in Sources */,
			);
			runOnlyForDeploymentPostprocessing = 0;
		};
/* End PBXSourcesBuildPhase section */

/* Begin PBXTargetDependency section */
		96C38AD324319D41006188EF /* PBXTargetDependency */ = {
			isa = PBXTargetDependency;
			target = 96C38ABA24319D3F006188EF /* SwiftCheckUrlDemo */;
			targetProxy = 96C38AD224319D41006188EF /* PBXContainerItemProxy */;
		};
		96C38ADE24319D41006188EF /* PBXTargetDependency */ = {
			isa = PBXTargetDependency;
			target = 96C38ABA24319D3F006188EF /* SwiftCheckUrlDemo */;
			targetProxy = 96C38ADD24319D41006188EF /* PBXContainerItemProxy */;
		};
/* End PBXTargetDependency section */

/* Begin PBXVariantGroup section */
		96C38AC424319D3F006188EF /* Main.storyboard */ = {
			isa = PBXVariantGroup;
			children = (
				96C38AC524319D3F006188EF /* Base */,
			);
			name = Main.storyboard;
			sourceTree = "<group>";
		};
		96C38AC924319D41006188EF /* LaunchScreen.storyboard */ = {
			isa = PBXVariantGroup;
			children = (
				96C38ACA24319D41006188EF /* Base */,
			);
			name = LaunchScreen.storyboard;
			sourceTree = "<group>";
		};
/* End PBXVariantGroup section */

/* Begin XCBuildConfiguration section */
		96C38AE324319D41006188EF /* Debug */ = {
			isa = XCBuildConfiguration;
			buildSettings = {
				ALWAYS_SEARCH_USER_PATHS = NO;
				CLANG_ANALYZER_NONNULL = YES;
				CLANG_ANALYZER_NUMBER_OBJECT_CONVERSION = YES_AGGRESSIVE;
				CLANG_CXX_LANGUAGE_STANDARD = "gnu++14";
				CLANG_CXX_LIBRARY = "libc++";
				CLANG_ENABLE_MODULES = YES;
				CLANG_ENABLE_OBJC_ARC = YES;
				CLANG_ENABLE_OBJC_WEAK = YES;
				CLANG_WARN_BLOCK_CAPTURE_AUTORELEASING = YES;
				CLANG_WARN_BOOL_CONVERSION = YES;
				CLANG_WARN_COMMA = YES;
				CLANG_WARN_CONSTANT_CONVERSION = YES;
				CLANG_WARN_DEPRECATED_OBJC_IMPLEMENTATIONS = YES;
				CLANG_WARN_DIRECT_OBJC_ISA_USAGE = YES_ERROR;
				CLANG_WARN_DOCUMENTATION_COMMENTS = YES;
				CLANG_WARN_EMPTY_BODY = YES;
				CLANG_WARN_ENUM_CONVERSION = YES;
				CLANG_WARN_INFINITE_RECURSION = YES;
				CLANG_WARN_INT_CONVERSION = YES;
				CLANG_WARN_NON_LITERAL_NULL_CONVERSION = YES;
				CLANG_WARN_OBJC_IMPLICIT_RETAIN_SELF = YES;
				CLANG_WARN_OBJC_LITERAL_CONVERSION = YES;
				CLANG_WARN_OBJC_ROOT_CLASS = YES_ERROR;
				CLANG_WARN_RANGE_LOOP_ANALYSIS = YES;
				CLANG_WARN_STRICT_PROTOTYPES = YES;
				CLANG_WARN_SUSPICIOUS_MOVE = YES;
				CLANG_WARN_UNGUARDED_AVAILABILITY = YES_AGGRESSIVE;
				CLANG_WARN_UNREACHABLE_CODE = YES;
				CLANG_WARN__DUPLICATE_METHOD_MATCH = YES;
				COPY_PHASE_STRIP = NO;
				DEBUG_INFORMATION_FORMAT = dwarf;
				ENABLE_STRICT_OBJC_MSGSEND = YES;
				ENABLE_TESTABILITY = YES;
				GCC_C_LANGUAGE_STANDARD = gnu11;
				GCC_DYNAMIC_NO_PIC = NO;
				GCC_NO_COMMON_BLOCKS = YES;
				GCC_OPTIMIZATION_LEVEL = 0;
				GCC_PREPROCESSOR_DEFINITIONS = (
					"DEBUG=1",
					"$(inherited)",
				);
				GCC_WARN_64_TO_32_BIT_CONVERSION = YES;
				GCC_WARN_ABOUT_RETURN_TYPE = YES_ERROR;
				GCC_WARN_UNDECLARED_SELECTOR = YES;
				GCC_WARN_UNINITIALIZED_AUTOS = YES_AGGRESSIVE;
				GCC_WARN_UNUSED_FUNCTION = YES;
				GCC_WARN_UNUSED_VARIABLE = YES;
				IPHONEOS_DEPLOYMENT_TARGET = 13.2;
				MTL_ENABLE_DEBUG_INFO = INCLUDE_SOURCE;
				MTL_FAST_MATH = YES;
				ONLY_ACTIVE_ARCH = YES;
				SDKROOT = iphoneos;
				SWIFT_ACTIVE_COMPILATION_CONDITIONS = DEBUG;
				SWIFT_OPTIMIZATION_LEVEL = "-Onone";
			};
			name = Debug;
		};
		96C38AE424319D41006188EF /* Release */ = {
			isa = XCBuildConfiguration;
			buildSettings = {
				ALWAYS_SEARCH_USER_PATHS = NO;
				CLANG_ANALYZER_NONNULL = YES;
				CLANG_ANALYZER_NUMBER_OBJECT_CONVERSION = YES_AGGRESSIVE;
				CLANG_CXX_LANGUAGE_STANDARD = "gnu++14";
				CLANG_CXX_LIBRARY = "libc++";
				CLANG_ENABLE_MODULES = YES;
				CLANG_ENABLE_OBJC_ARC = YES;
				CLANG_ENABLE_OBJC_WEAK = YES;
				CLANG_WARN_BLOCK_CAPTURE_AUTORELEASING = YES;
				CLANG_WARN_BOOL_CONVERSION = YES;
				CLANG_WARN_COMMA = YES;
				CLANG_WARN_CONSTANT_CONVERSION = YES;
				CLANG_WARN_DEPRECATED_OBJC_IMPLEMENTATIONS = YES;
				CLANG_WARN_DIRECT_OBJC_ISA_USAGE = YES_ERROR;
				CLANG_WARN_DOCUMENTATION_COMMENTS = YES;
				CLANG_WARN_EMPTY_BODY = YES;
				CLANG_WARN_ENUM_CONVERSION = YES;
				CLANG_WARN_INFINITE_RECURSION = YES;
				CLANG_WARN_INT_CONVERSION = YES;
				CLANG_WARN_NON_LITERAL_NULL_CONVERSION = YES;
				CLANG_WARN_OBJC_IMPLICIT_RETAIN_SELF = YES;
				CLANG_WARN_OBJC_LITERAL_CONVERSION = YES;
				CLANG_WARN_OBJC_ROOT_CLASS = YES_ERROR;
				CLANG_WARN_RANGE_LOOP_ANALYSIS = YES;
				CLANG_WARN_STRICT_PROTOTYPES = YES;
				CLANG_WARN_SUSPICIOUS_MOVE = YES;
				CLANG_WARN_UNGUARDED_AVAILABILITY = YES_AGGRESSIVE;
				CLANG_WARN_UNREACHABLE_CODE = YES;
				CLANG_WARN__DUPLICATE_METHOD_MATCH = YES;
				COPY_PHASE_STRIP = NO;
				DEBUG_INFORMATION_FORMAT = "dwarf-with-dsym";
				ENABLE_NS_ASSERTIONS = NO;
				ENABLE_STRICT_OBJC_MSGSEND = YES;
				GCC_C_LANGUAGE_STANDARD = gnu11;
				GCC_NO_COMMON_BLOCKS = YES;
				GCC_WARN_64_TO_32_BIT_CONVERSION = YES;
				GCC_WARN_ABOUT_RETURN_TYPE = YES_ERROR;
				GCC_WARN_UNDECLARED_SELECTOR = YES;
				GCC_WARN_UNINITIALIZED_AUTOS = YES_AGGRESSIVE;
				GCC_WARN_UNUSED_FUNCTION = YES;
				GCC_WARN_UNUSED_VARIABLE = YES;
				IPHONEOS_DEPLOYMENT_TARGET = 13.2;
				MTL_ENABLE_DEBUG_INFO = NO;
				MTL_FAST_MATH = YES;
				SDKROOT = iphoneos;
				SWIFT_COMPILATION_MODE = wholemodule;
				SWIFT_OPTIMIZATION_LEVEL = "-O";
				VALIDATE_PRODUCT = YES;
			};
			name = Release;
		};
		96C38AE624319D41006188EF /* Debug */ = {
			isa = XCBuildConfiguration;
			buildSettings = {
				ASSETCATALOG_COMPILER_APPICON_NAME = AppIcon;
				CODE_SIGN_STYLE = Automatic;
				DEVELOPMENT_TEAM = C84Z46TM59;
				INFOPLIST_FILE = "SwiftCheckUrlDemo/Info.plist";
				LD_RUNPATH_SEARCH_PATHS = (
					"$(inherited)",
					"@executable_path/Frameworks",
				);
				PRODUCT_BUNDLE_IDENTIFIER = "com.CingjinLanScan.a---";
				PRODUCT_NAME = "$(TARGET_NAME)";
				SWIFT_VERSION = 5.0;
				TARGETED_DEVICE_FAMILY = "1,2";
			};
			name = Debug;
		};
		96C38AE724319D41006188EF /* Release */ = {
			isa = XCBuildConfiguration;
			buildSettings = {
				ASSETCATALOG_COMPILER_APPICON_NAME = AppIcon;
				CODE_SIGN_STYLE = Automatic;
				DEVELOPMENT_TEAM = C84Z46TM59;
				INFOPLIST_FILE = "SwiftCheckUrlDemo/Info.plist";
				LD_RUNPATH_SEARCH_PATHS = (
					"$(inherited)",
					"@executable_path/Frameworks",
				);
				PRODUCT_BUNDLE_IDENTIFIER = "com.CingjinLanScan.a---";
				PRODUCT_NAME = "$(TARGET_NAME)";
				SWIFT_VERSION = 5.0;
				TARGETED_DEVICE_FAMILY = "1,2";
			};
			name = Release;
		};
		96C38AE924319D41006188EF /* Debug */ = {
			isa = XCBuildConfiguration;
			buildSettings = {
				ALWAYS_EMBED_SWIFT_STANDARD_LIBRARIES = YES;
				BUNDLE_LOADER = "$(TEST_HOST)";
				CODE_SIGN_STYLE = Automatic;
				DEVELOPMENT_TEAM = C84Z46TM59;
				INFOPLIST_FILE = "SwiftCheckUrlDemoTests/Info.plist";
				IPHONEOS_DEPLOYMENT_TARGET = 13.2;
				LD_RUNPATH_SEARCH_PATHS = (
					"$(inherited)",
					"@executable_path/Frameworks",
					"@loader_path/Frameworks",
				);
				PRODUCT_BUNDLE_IDENTIFIER = "com.CingjinLanScan.a---Tests";
				PRODUCT_NAME = "$(TARGET_NAME)";
				SWIFT_VERSION = 5.0;
				TARGETED_DEVICE_FAMILY = "1,2";
				TEST_HOST = "$(BUILT_PRODUCTS_DIR)/SwiftCheckUrlDemo.app/SwiftCheckUrlDemo";
			};
			name = Debug;
		};
		96C38AEA24319D41006188EF /* Release */ = {
			isa = XCBuildConfiguration;
			buildSettings = {
				ALWAYS_EMBED_SWIFT_STANDARD_LIBRARIES = YES;
				BUNDLE_LOADER = "$(TEST_HOST)";
				CODE_SIGN_STYLE = Automatic;
				DEVELOPMENT_TEAM = C84Z46TM59;
				INFOPLIST_FILE = "SwiftCheckUrlDemoTests/Info.plist";
				IPHONEOS_DEPLOYMENT_TARGET = 13.2;
				LD_RUNPATH_SEARCH_PATHS = (
					"$(inherited)",
					"@executable_path/Frameworks",
					"@loader_path/Frameworks",
				);
				PRODUCT_BUNDLE_IDENTIFIER = "com.CingjinLanScan.a---Tests";
				PRODUCT_NAME = "$(TARGET_NAME)";
				SWIFT_VERSION = 5.0;
				TARGETED_DEVICE_FAMILY = "1,2";
				TEST_HOST = "$(BUILT_PRODUCTS_DIR)/SwiftCheckUrlDemo.app/SwiftCheckUrlDemo";
			};
			name = Release;
		};
		96C38AEC24319D41006188EF /* Debug */ = {
			isa = XCBuildConfiguration;
			buildSettings = {
				ALWAYS_EMBED_SWIFT_STANDARD_LIBRARIES = YES;
				CODE_SIGN_STYLE = Automatic;
				DEVELOPMENT_TEAM = C84Z46TM59;
				INFOPLIST_FILE = "SwiftCheckUrlDemoUITests/Info.plist";
				LD_RUNPATH_SEARCH_PATHS = (
					"$(inherited)",
					"@executable_path/Frameworks",
					"@loader_path/Frameworks",
				);
				PRODUCT_BUNDLE_IDENTIFIER = "com.CingjinLanScan.a---UITests";
				PRODUCT_NAME = "$(TARGET_NAME)";
				SWIFT_VERSION = 5.0;
				TARGETED_DEVICE_FAMILY = "1,2";
				TEST_TARGET_NAME = "SwiftCheckUrlDemo";
			};
			name = Debug;
		};
		96C38AED24319D41006188EF /* Release */ = {
			isa = XCBuildConfiguration;
			buildSettings = {
				ALWAYS_EMBED_SWIFT_STANDARD_LIBRARIES = YES;
				CODE_SIGN_STYLE = Automatic;
				DEVELOPMENT_TEAM = C84Z46TM59;
				INFOPLIST_FILE = "SwiftCheckUrlDemoUITests/Info.plist";
				LD_RUNPATH_SEARCH_PATHS = (
					"$(inherited)",
					"@executable_path/Frameworks",
					"@loader_path/Frameworks",
				);
				PRODUCT_BUNDLE_IDENTIFIER = "com.CingjinLanScan.a---UITests";
				PRODUCT_NAME = "$(TARGET_NAME)";
				SWIFT_VERSION = 5.0;
				TARGETED_DEVICE_FAMILY = "1,2";
				TEST_TARGET_NAME = "SwiftCheckUrlDemo";
			};
			name = Release;
		};
/* End XCBuildConfiguration section */

/* Begin XCConfigurationList section */
		96C38AB624319D3F006188EF /* Build configuration list for PBXProject "SwiftCheckUrlDemo" */ = {
			isa = XCConfigurationList;
			buildConfigurations = (
				96C38AE324319D41006188EF /* Debug */,
				96C38AE424319D41006188EF /* Release */,
			);
			defaultConfigurationIsVisible = 0;
			defaultConfigurationName = Release;
		};
		96C38AE524319D41006188EF /* Build configuration list for PBXNativeTarget "SwiftCheckUrlDemo" */ = {
			isa = XCConfigurationList;
			buildConfigurations = (
				96C38AE624319D41006188EF /* Debug */,
				96C38AE724319D41006188EF /* Release */,
			);
			defaultConfigurationIsVisible = 0;
			defaultConfigurationName = Release;
		};
		96C38AE824319D41006188EF /* Build configuration list for PBXNativeTarget "SwiftCheckUrlDemoTests" */ = {
			isa = XCConfigurationList;
			buildConfigurations = (
				96C38AE924319D41006188EF /* Debug */,
				96C38AEA24319D41006188EF /* Release */,
			);
			defaultConfigurationIsVisible = 0;
			defaultConfigurationName = Release;
		};
		96C38AEB24319D41006188EF /* Build configuration list for PBXNativeTarget "SwiftCheckUrlDemoUITests" */ = {
			isa = XCConfigurationList;
			buildConfigurations = (
				96C38AEC24319D41006188EF /* Debug */,
				96C38AED24319D41006188EF /* Release */,
			);
			defaultConfigurationIsVisible = 0;
			defaultConfigurationName = Release;
		};
/* End XCConfigurationList section */
	};
	rootObject = 96C38AB324319D3F006188EF /* Project object */;
}
